
Microsoft Visual Studio Solution File, Format Version 12.00
Project("{FAE04EC0-301F-11D3-BF4B-00C04F79EFBC}") = "Api", "Api\Api.csproj", "{7B656A1F-830C-4C87-A444-DD1AE5237586}"
EndProject
Project("{FAE04EC0-301F-11D3-BF4B-00C04F79EFBC}") = "Application", "Application\Application.csproj", "{D6579787-DF71-4A92-BC75-4BD156EF9399}"
EndProject
Project("{FAE04EC0-301F-11D3-BF4B-00C04F79EFBC}") = "Domain", "Domain\Domain.csproj", "{5AD95C40-1B4E-4AE2-8112-D14512D1E30D}"
EndProject
Project("{FAE04EC0-301F-11D3-BF4B-00C04F79EFBC}") = "Infrastructure", "Infrastructure\Infrastructure.csproj", "{D2545D7C-A1F7-4ECD-A796-B7007952BFA2}"
EndProject
Project("{FAE04EC0-301F-11D3-BF4B-00C04F79EFBC}") = "IdentityLib", "..\..\Libs\IdentityLib\IdentityLib.csproj", "{78B3CEBD-8E4B-4275-9868-E7344099777B}"
EndProject
Project("{FAE04EC0-301F-11D3-BF4B-00C04F79EFBC}") = "LoggingLib", "..\..\Libs\LoggingLib\LoggingLib.csproj", "{D5A0F107-12F5-493B-B2DD-E4E2E36B86A1}"
EndProject
Project("{FAE04EC0-301F-11D3-BF4B-00C04F79EFBC}") = "CoreLib", "..\..\Libs\CoreLib\CoreLib.csproj", "{44ABBD4D-8899-4038-8073-F5C7429B547F}"
EndProject
Project("{FAE04EC0-301F-11D3-BF4B-00C04F79EFBC}") = "DatabaseLib", "..\..\Libs\DatabaseLib\DatabaseLib.csproj", "{8AD180B7-801A-43BC-80C4-048C8EF486B3}"
EndProject
Global
	GlobalSection(SolutionConfigurationPlatforms) = preSolution
		Debug|Any CPU = Debug|Any CPU
		Release|Any CPU = Release|Any CPU
	EndGlobalSection
	GlobalSection(ProjectConfigurationPlatforms) = postSolution
		{7B656A1F-830C-4C87-A444-DD1AE5237586}.Debug|Any CPU.ActiveCfg = Debug|Any CPU
		{7B656A1F-830C-4C87-A444-DD1AE5237586}.Debug|Any CPU.Build.0 = Debug|Any CPU
		{7B656A1F-830C-4C87-A444-DD1AE5237586}.Release|Any CPU.ActiveCfg = Release|Any CPU
		{7B656A1F-830C-4C87-A444-DD1AE5237586}.Release|Any CPU.Build.0 = Release|Any CPU
		{D6579787-DF71-4A92-BC75-4BD156EF9399}.Debug|Any CPU.ActiveCfg = Debug|Any CPU
		{D6579787-DF71-4A92-BC75-4BD156EF9399}.Debug|Any CPU.Build.0 = Debug|Any CPU
		{D6579787-DF71-4A92-BC75-4BD156EF9399}.Release|Any CPU.ActiveCfg = Release|Any CPU
		{D6579787-DF71-4A92-BC75-4BD156EF9399}.Release|Any CPU.Build.0 = Release|Any CPU
		{5AD95C40-1B4E-4AE2-8112-D14512D1E30D}.Debug|Any CPU.ActiveCfg = Debug|Any CPU
		{5AD95C40-1B4E-4AE2-8112-D14512D1E30D}.Debug|Any CPU.Build.0 = Debug|Any CPU
		{5AD95C40-1B4E-4AE2-8112-D14512D1E30D}.Release|Any CPU.ActiveCfg = Release|Any CPU
		{5AD95C40-1B4E-4AE2-8112-D14512D1E30D}.Release|Any CPU.Build.0 = Release|Any CPU
		{D2545D7C-A1F7-4ECD-A796-B7007952BFA2}.Debug|Any CPU.ActiveCfg = Debug|Any CPU
		{D2545D7C-A1F7-4ECD-A796-B7007952BFA2}.Debug|Any CPU.Build.0 = Debug|Any CPU
		{D2545D7C-A1F7-4ECD-A796-B7007952BFA2}.Release|Any CPU.ActiveCfg = Release|Any CPU
		{D2545D7C-A1F7-4ECD-A796-B7007952BFA2}.Release|Any CPU.Build.0 = Release|Any CPU
		{78B3CEBD-8E4B-4275-9868-E7344099777B}.Debug|Any CPU.ActiveCfg = Debug|Any CPU
		{78B3CEBD-8E4B-4275-9868-E7344099777B}.Debug|Any CPU.Build.0 = Debug|Any CPU
		{78B3CEBD-8E4B-4275-9868-E7344099777B}.Release|Any CPU.ActiveCfg = Release|Any CPU
		{78B3CEBD-8E4B-4275-9868-E7344099777B}.Release|Any CPU.Build.0 = Release|Any CPU
		{D5A0F107-12F5-493B-B2DD-E4E2E36B86A1}.Debug|Any CPU.ActiveCfg = Debug|Any CPU
		{D5A0F107-12F5-493B-B2DD-E4E2E36B86A1}.Debug|Any CPU.Build.0 = Debug|Any CPU
		{D5A0F107-12F5-493B-B2DD-E4E2E36B86A1}.Release|Any CPU.ActiveCfg = Release|Any CPU
		{D5A0F107-12F5-493B-B2DD-E4E2E36B86A1}.Release|Any CPU.Build.0 = Release|Any CPU
		{44ABBD4D-8899-4038-8073-F5C7429B547F}.Debug|Any CPU.ActiveCfg = Debug|Any CPU
		{44ABBD4D-8899-4038-8073-F5C7429B547F}.Debug|Any CPU.Build.0 = Debug|Any CPU
		{44ABBD4D-8899-4038-8073-F5C7429B547F}.Release|Any CPU.ActiveCfg = Release|Any CPU
		{44ABBD4D-8899-4038-8073-F5C7429B547F}.Release|Any CPU.Build.0 = Release|Any CPU
		{8AD180B7-801A-43BC-80C4-048C8EF486B3}.Debug|Any CPU.ActiveCfg = Debug|Any CPU
		{8AD180B7-801A-43BC-80C4-048C8EF486B3}.Debug|Any CPU.Build.0 = Debug|Any CPU
		{8AD180B7-801A-43BC-80C4-048C8EF486B3}.Release|Any CPU.ActiveCfg = Release|Any CPU
		{8AD180B7-801A-43BC-80C4-048C8EF486B3}.Release|Any CPU.Build.0 = Release|Any CPU
	EndGlobalSection
EndGlobal
