
Microsoft Visual Studio Solution File, Format Version 12.00
Project("{FAE04EC0-301F-11D3-BF4B-00C04F79EFBC}") = "Api", "Api\Api.csproj", "{7B656A1F-830C-4C87-A444-DD1AE5237586}"
EndProject
Project("{FAE04EC0-301F-11D3-BF4B-00C04F79EFBC}") = "Application", "Application\Application.csproj", "{D6579787-DF71-4A92-BC75-4BD156EF9399}"
EndProject
Project("{FAE04EC0-301F-11D3-BF4B-00C04F79EFBC}") = "Domain", "Domain\Domain.csproj", "{5AD95C40-1B4E-4AE2-8112-D14512D1E30D}"
EndProject
Project("{FAE04EC0-301F-11D3-BF4B-00C04F79EFBC}") = "Infrastructure", "Infrastructure\Infrastructure.csproj", "{D2545D7C-A1F7-4ECD-A796-B7007952BFA2}"
EndProject
Project("{FAE04EC0-301F-11D3-BF4B-00C04F79EFBC}") = "IdentityLib", "..\..\Libs\IdentityLib\IdentityLib.csproj", "{96A828C9-696E-41D7-9A80-4386089DD66C}"
EndProject
Project("{FAE04EC0-301F-11D3-BF4B-00C04F79EFBC}") = "LoggingLib", "..\..\Libs\LoggingLib\LoggingLib.csproj", "{F9AFB754-4C13-471D-9FAD-94701EB18899}"
EndProject
Project("{FAE04EC0-301F-11D3-BF4B-00C04F79EFBC}") = "CoreLib", "..\..\Libs\CoreLib\CoreLib.csproj", "{43C90EE8-42E6-4567-AB60-9985DB4DD24E}"
EndProject
Project("{FAE04EC0-301F-11D3-BF4B-00C04F79EFBC}") = "DatabaseLib", "..\..\Libs\DatabaseLib\DatabaseLib.csproj", "{DBFC8553-B01A-45D5-B169-22BC014D27D7}"
EndProject
Global
	GlobalSection(SolutionConfigurationPlatforms) = preSolution
		Debug|Any CPU = Debug|Any CPU
		Debug|x64 = Debug|x64
		Debug|x86 = Debug|x86
		Release|Any CPU = Release|Any CPU
		Release|x64 = Release|x64
		Release|x86 = Release|x86
	EndGlobalSection
	GlobalSection(ProjectConfigurationPlatforms) = postSolution
		{7B656A1F-830C-4C87-A444-DD1AE5237586}.Debug|Any CPU.ActiveCfg = Debug|Any CPU
		{7B656A1F-830C-4C87-A444-DD1AE5237586}.Debug|Any CPU.Build.0 = Debug|Any CPU
		{7B656A1F-830C-4C87-A444-DD1AE5237586}.Debug|x64.ActiveCfg = Debug|Any CPU
		{7B656A1F-830C-4C87-A444-DD1AE5237586}.Debug|x64.Build.0 = Debug|Any CPU
		{7B656A1F-830C-4C87-A444-DD1AE5237586}.Debug|x86.ActiveCfg = Debug|Any CPU
		{7B656A1F-830C-4C87-A444-DD1AE5237586}.Debug|x86.Build.0 = Debug|Any CPU
		{7B656A1F-830C-4C87-A444-DD1AE5237586}.Release|Any CPU.ActiveCfg = Release|Any CPU
		{7B656A1F-830C-4C87-A444-DD1AE5237586}.Release|Any CPU.Build.0 = Release|Any CPU
		{7B656A1F-830C-4C87-A444-DD1AE5237586}.Release|x64.ActiveCfg = Release|Any CPU
		{7B656A1F-830C-4C87-A444-DD1AE5237586}.Release|x64.Build.0 = Release|Any CPU
		{7B656A1F-830C-4C87-A444-DD1AE5237586}.Release|x86.ActiveCfg = Release|Any CPU
		{7B656A1F-830C-4C87-A444-DD1AE5237586}.Release|x86.Build.0 = Release|Any CPU
		{D6579787-DF71-4A92-BC75-4BD156EF9399}.Debug|Any CPU.ActiveCfg = Debug|Any CPU
		{D6579787-DF71-4A92-BC75-4BD156EF9399}.Debug|Any CPU.Build.0 = Debug|Any CPU
		{D6579787-DF71-4A92-BC75-4BD156EF9399}.Debug|x64.ActiveCfg = Debug|Any CPU
		{D6579787-DF71-4A92-BC75-4BD156EF9399}.Debug|x64.Build.0 = Debug|Any CPU
		{D6579787-DF71-4A92-BC75-4BD156EF9399}.Debug|x86.ActiveCfg = Debug|Any CPU
		{D6579787-DF71-4A92-BC75-4BD156EF9399}.Debug|x86.Build.0 = Debug|Any CPU
		{D6579787-DF71-4A92-BC75-4BD156EF9399}.Release|Any CPU.ActiveCfg = Release|Any CPU
		{D6579787-DF71-4A92-BC75-4BD156EF9399}.Release|Any CPU.Build.0 = Release|Any CPU
		{D6579787-DF71-4A92-BC75-4BD156EF9399}.Release|x64.ActiveCfg = Release|Any CPU
		{D6579787-DF71-4A92-BC75-4BD156EF9399}.Release|x64.Build.0 = Release|Any CPU
		{D6579787-DF71-4A92-BC75-4BD156EF9399}.Release|x86.ActiveCfg = Release|Any CPU
		{D6579787-DF71-4A92-BC75-4BD156EF9399}.Release|x86.Build.0 = Release|Any CPU
		{5AD95C40-1B4E-4AE2-8112-D14512D1E30D}.Debug|Any CPU.ActiveCfg = Debug|Any CPU
		{5AD95C40-1B4E-4AE2-8112-D14512D1E30D}.Debug|Any CPU.Build.0 = Debug|Any CPU
		{5AD95C40-1B4E-4AE2-8112-D14512D1E30D}.Debug|x64.ActiveCfg = Debug|Any CPU
		{5AD95C40-1B4E-4AE2-8112-D14512D1E30D}.Debug|x64.Build.0 = Debug|Any CPU
		{5AD95C40-1B4E-4AE2-8112-D14512D1E30D}.Debug|x86.ActiveCfg = Debug|Any CPU
		{5AD95C40-1B4E-4AE2-8112-D14512D1E30D}.Debug|x86.Build.0 = Debug|Any CPU
		{5AD95C40-1B4E-4AE2-8112-D14512D1E30D}.Release|Any CPU.ActiveCfg = Release|Any CPU
		{5AD95C40-1B4E-4AE2-8112-D14512D1E30D}.Release|Any CPU.Build.0 = Release|Any CPU
		{5AD95C40-1B4E-4AE2-8112-D14512D1E30D}.Release|x64.ActiveCfg = Release|Any CPU
		{5AD95C40-1B4E-4AE2-8112-D14512D1E30D}.Release|x64.Build.0 = Release|Any CPU
		{5AD95C40-1B4E-4AE2-8112-D14512D1E30D}.Release|x86.ActiveCfg = Release|Any CPU
		{5AD95C40-1B4E-4AE2-8112-D14512D1E30D}.Release|x86.Build.0 = Release|Any CPU
		{D2545D7C-A1F7-4ECD-A796-B7007952BFA2}.Debug|Any CPU.ActiveCfg = Debug|Any CPU
		{D2545D7C-A1F7-4ECD-A796-B7007952BFA2}.Debug|Any CPU.Build.0 = Debug|Any CPU
		{D2545D7C-A1F7-4ECD-A796-B7007952BFA2}.Debug|x64.ActiveCfg = Debug|Any CPU
		{D2545D7C-A1F7-4ECD-A796-B7007952BFA2}.Debug|x64.Build.0 = Debug|Any CPU
		{D2545D7C-A1F7-4ECD-A796-B7007952BFA2}.Debug|x86.ActiveCfg = Debug|Any CPU
		{D2545D7C-A1F7-4ECD-A796-B7007952BFA2}.Debug|x86.Build.0 = Debug|Any CPU
		{D2545D7C-A1F7-4ECD-A796-B7007952BFA2}.Release|Any CPU.ActiveCfg = Release|Any CPU
		{D2545D7C-A1F7-4ECD-A796-B7007952BFA2}.Release|Any CPU.Build.0 = Release|Any CPU
		{D2545D7C-A1F7-4ECD-A796-B7007952BFA2}.Release|x64.ActiveCfg = Release|Any CPU
		{D2545D7C-A1F7-4ECD-A796-B7007952BFA2}.Release|x64.Build.0 = Release|Any CPU
		{D2545D7C-A1F7-4ECD-A796-B7007952BFA2}.Release|x86.ActiveCfg = Release|Any CPU
		{D2545D7C-A1F7-4ECD-A796-B7007952BFA2}.Release|x86.Build.0 = Release|Any CPU
		{96A828C9-696E-41D7-9A80-4386089DD66C}.Debug|Any CPU.ActiveCfg = Debug|Any CPU
		{96A828C9-696E-41D7-9A80-4386089DD66C}.Debug|Any CPU.Build.0 = Debug|Any CPU
		{96A828C9-696E-41D7-9A80-4386089DD66C}.Debug|x64.ActiveCfg = Debug|Any CPU
		{96A828C9-696E-41D7-9A80-4386089DD66C}.Debug|x64.Build.0 = Debug|Any CPU
		{96A828C9-696E-41D7-9A80-4386089DD66C}.Debug|x86.ActiveCfg = Debug|Any CPU
		{96A828C9-696E-41D7-9A80-4386089DD66C}.Debug|x86.Build.0 = Debug|Any CPU
		{96A828C9-696E-41D7-9A80-4386089DD66C}.Release|Any CPU.ActiveCfg = Release|Any CPU
		{96A828C9-696E-41D7-9A80-4386089DD66C}.Release|Any CPU.Build.0 = Release|Any CPU
		{96A828C9-696E-41D7-9A80-4386089DD66C}.Release|x64.ActiveCfg = Release|Any CPU
		{96A828C9-696E-41D7-9A80-4386089DD66C}.Release|x64.Build.0 = Release|Any CPU
		{96A828C9-696E-41D7-9A80-4386089DD66C}.Release|x86.ActiveCfg = Release|Any CPU
		{96A828C9-696E-41D7-9A80-4386089DD66C}.Release|x86.Build.0 = Release|Any CPU
		{F9AFB754-4C13-471D-9FAD-94701EB18899}.Debug|Any CPU.ActiveCfg = Debug|Any CPU
		{F9AFB754-4C13-471D-9FAD-94701EB18899}.Debug|Any CPU.Build.0 = Debug|Any CPU
		{F9AFB754-4C13-471D-9FAD-94701EB18899}.Debug|x64.ActiveCfg = Debug|Any CPU
		{F9AFB754-4C13-471D-9FAD-94701EB18899}.Debug|x64.Build.0 = Debug|Any CPU
		{F9AFB754-4C13-471D-9FAD-94701EB18899}.Debug|x86.ActiveCfg = Debug|Any CPU
		{F9AFB754-4C13-471D-9FAD-94701EB18899}.Debug|x86.Build.0 = Debug|Any CPU
		{F9AFB754-4C13-471D-9FAD-94701EB18899}.Release|Any CPU.ActiveCfg = Release|Any CPU
		{F9AFB754-4C13-471D-9FAD-94701EB18899}.Release|Any CPU.Build.0 = Release|Any CPU
		{F9AFB754-4C13-471D-9FAD-94701EB18899}.Release|x64.ActiveCfg = Release|Any CPU
		{F9AFB754-4C13-471D-9FAD-94701EB18899}.Release|x64.Build.0 = Release|Any CPU
		{F9AFB754-4C13-471D-9FAD-94701EB18899}.Release|x86.ActiveCfg = Release|Any CPU
		{F9AFB754-4C13-471D-9FAD-94701EB18899}.Release|x86.Build.0 = Release|Any CPU
		{43C90EE8-42E6-4567-AB60-9985DB4DD24E}.Debug|Any CPU.ActiveCfg = Debug|Any CPU
		{43C90EE8-42E6-4567-AB60-9985DB4DD24E}.Debug|Any CPU.Build.0 = Debug|Any CPU
		{43C90EE8-42E6-4567-AB60-9985DB4DD24E}.Debug|x64.ActiveCfg = Debug|Any CPU
		{43C90EE8-42E6-4567-AB60-9985DB4DD24E}.Debug|x64.Build.0 = Debug|Any CPU
		{43C90EE8-42E6-4567-AB60-9985DB4DD24E}.Debug|x86.ActiveCfg = Debug|Any CPU
		{43C90EE8-42E6-4567-AB60-9985DB4DD24E}.Debug|x86.Build.0 = Debug|Any CPU
		{43C90EE8-42E6-4567-AB60-9985DB4DD24E}.Release|Any CPU.ActiveCfg = Release|Any CPU
		{43C90EE8-42E6-4567-AB60-9985DB4DD24E}.Release|Any CPU.Build.0 = Release|Any CPU
		{43C90EE8-42E6-4567-AB60-9985DB4DD24E}.Release|x64.ActiveCfg = Release|Any CPU
		{43C90EE8-42E6-4567-AB60-9985DB4DD24E}.Release|x64.Build.0 = Release|Any CPU
		{43C90EE8-42E6-4567-AB60-9985DB4DD24E}.Release|x86.ActiveCfg = Release|Any CPU
		{43C90EE8-42E6-4567-AB60-9985DB4DD24E}.Release|x86.Build.0 = Release|Any CPU
		{DBFC8553-B01A-45D5-B169-22BC014D27D7}.Debug|Any CPU.ActiveCfg = Debug|Any CPU
		{DBFC8553-B01A-45D5-B169-22BC014D27D7}.Debug|Any CPU.Build.0 = Debug|Any CPU
		{DBFC8553-B01A-45D5-B169-22BC014D27D7}.Debug|x64.ActiveCfg = Debug|Any CPU
		{DBFC8553-B01A-45D5-B169-22BC014D27D7}.Debug|x64.Build.0 = Debug|Any CPU
		{DBFC8553-B01A-45D5-B169-22BC014D27D7}.Debug|x86.ActiveCfg = Debug|Any CPU
		{DBFC8553-B01A-45D5-B169-22BC014D27D7}.Debug|x86.Build.0 = Debug|Any CPU
		{DBFC8553-B01A-45D5-B169-22BC014D27D7}.Release|Any CPU.ActiveCfg = Release|Any CPU
		{DBFC8553-B01A-45D5-B169-22BC014D27D7}.Release|Any CPU.Build.0 = Release|Any CPU
		{DBFC8553-B01A-45D5-B169-22BC014D27D7}.Release|x64.ActiveCfg = Release|Any CPU
		{DBFC8553-B01A-45D5-B169-22BC014D27D7}.Release|x64.Build.0 = Release|Any CPU
		{DBFC8553-B01A-45D5-B169-22BC014D27D7}.Release|x86.ActiveCfg = Release|Any CPU
		{DBFC8553-B01A-45D5-B169-22BC014D27D7}.Release|x86.Build.0 = Release|Any CPU
	EndGlobalSection
	GlobalSection(SolutionProperties) = preSolution
		HideSolutionNode = FALSE
	EndGlobalSection
EndGlobal
